
Microsoft Visual Studio Solution File, Format Version 12.00
# Visual Studio Version 17
VisualStudioVersion = 17.4.33403.182
MinimumVisualStudioVersion = 10.0.40219.1
Project("{FAE04EC0-301F-11D3-BF4B-00C04F79EFBC}") = "Lab1 Periodo 2", "Lab1 Periodo 2\Lab1 Periodo 2.csproj", "{F081FD45-B16B-4812-85A4-8D2C640DDE0B}"
EndProject
Global
	GlobalSection(SolutionConfigurationPlatforms) = preSolution
		Debug|Any CPU = Debug|Any CPU
		Release|Any CPU = Release|Any CPU
	EndGlobalSection
	GlobalSection(ProjectConfigurationPlatforms) = postSolution
		{F081FD45-B16B-4812-85A4-8D2C640DDE0B}.Debug|Any CPU.ActiveCfg = Debug|Any CPU
		{F081FD45-B16B-4812-85A4-8D2C640DDE0B}.Debug|Any CPU.Build.0 = Debug|Any CPU
		{F081FD45-B16B-4812-85A4-8D2C640DDE0B}.Release|Any CPU.ActiveCfg = Release|Any CPU
		{F081FD45-B16B-4812-85A4-8D2C640DDE0B}.Release|Any CPU.Build.0 = Release|Any CPU
	EndGlobalSection
	GlobalSection(SolutionProperties) = preSolution
		HideSolutionNode = FALSE
	EndGlobalSection
	GlobalSection(ExtensibilityGlobals) = postSolution
		SolutionGuid = {4420B319-5209-48D0-B5EF-949A228BEDCC}
	EndGlobalSection
EndGlobal
